
Microsoft Visual Studio Solution File, Format Version 12.00
Project("{FAE04EC0-301F-11D3-BF4B-00C04F79EFBC}") = "FactorioSharp.Rcon", "FactorioSharp.Rcon\FactorioSharp.Rcon.csproj", "{F109EFCC-FD8D-4220-A012-23EFB8FC8C7F}"
EndProject
Project("{FAE04EC0-301F-11D3-BF4B-00C04F79EFBC}") = "TestApplication", "TestApplication\TestApplication.csproj", "{2C1AAA1C-06E1-4D36-BBFD-143DDFBE68FF}"
EndProject
Project("{FAE04EC0-301F-11D3-BF4B-00C04F79EFBC}") = "SpecificationCompiler", "SpecificationCompiler\SpecificationCompiler.csproj", "{C4B5AC7E-03F7-452B-AA05-7BF7CD6B70E4}"
EndProject
Global
	GlobalSection(SolutionConfigurationPlatforms) = preSolution
		Debug|Any CPU = Debug|Any CPU
		Release|Any CPU = Release|Any CPU
	EndGlobalSection
	GlobalSection(ProjectConfigurationPlatforms) = postSolution
		{F109EFCC-FD8D-4220-A012-23EFB8FC8C7F}.Debug|Any CPU.ActiveCfg = Debug|Any CPU
		{F109EFCC-FD8D-4220-A012-23EFB8FC8C7F}.Debug|Any CPU.Build.0 = Debug|Any CPU
		{F109EFCC-FD8D-4220-A012-23EFB8FC8C7F}.Release|Any CPU.ActiveCfg = Release|Any CPU
		{F109EFCC-FD8D-4220-A012-23EFB8FC8C7F}.Release|Any CPU.Build.0 = Release|Any CPU
		{2C1AAA1C-06E1-4D36-BBFD-143DDFBE68FF}.Debug|Any CPU.ActiveCfg = Debug|Any CPU
		{2C1AAA1C-06E1-4D36-BBFD-143DDFBE68FF}.Debug|Any CPU.Build.0 = Debug|Any CPU
		{2C1AAA1C-06E1-4D36-BBFD-143DDFBE68FF}.Release|Any CPU.ActiveCfg = Release|Any CPU
		{2C1AAA1C-06E1-4D36-BBFD-143DDFBE68FF}.Release|Any CPU.Build.0 = Release|Any CPU
		{C4B5AC7E-03F7-452B-AA05-7BF7CD6B70E4}.Debug|Any CPU.ActiveCfg = Debug|Any CPU
		{C4B5AC7E-03F7-452B-AA05-7BF7CD6B70E4}.Debug|Any CPU.Build.0 = Debug|Any CPU
		{C4B5AC7E-03F7-452B-AA05-7BF7CD6B70E4}.Release|Any CPU.ActiveCfg = Release|Any CPU
		{C4B5AC7E-03F7-452B-AA05-7BF7CD6B70E4}.Release|Any CPU.Build.0 = Release|Any CPU
	EndGlobalSection
EndGlobal
